// !$*UTF8*$!
{
	archiveVersion = 1;
	classes = {
	};
	objectVersion = 55;
	objects = {

/* Begin PBXBuildFile section */
		2A0A844D293AFB68005C2D8A /* TeamBlockApp.swift in Sources */ = {isa = PBXBuildFile; fileRef = 2A0A844C293AFB68005C2D8A /* TeamBlockApp.swift */; };
		2A0A844F293AFB68005C2D8A /* EmployeeListView.swift in Sources */ = {isa = PBXBuildFile; fileRef = 2A0A844E293AFB68005C2D8A /* EmployeeListView.swift */; };
		2A0A8451293AFB6A005C2D8A /* Assets.xcassets in Resources */ = {isa = PBXBuildFile; fileRef = 2A0A8450293AFB6A005C2D8A /* Assets.xcassets */; };
		2A0A8454293AFB6A005C2D8A /* Preview Assets.xcassets in Resources */ = {isa = PBXBuildFile; fileRef = 2A0A8453293AFB6A005C2D8A /* Preview Assets.xcassets */; };
		2A0A847A293AFC63005C2D8A /* README.md in Resources */ = {isa = PBXBuildFile; fileRef = 2A0A8479293AFC63005C2D8A /* README.md */; };
		2A0A847D293AFCE1005C2D8A /* NetworkInterfaces.swift in Sources */ = {isa = PBXBuildFile; fileRef = 2A0A847C293AFCE1005C2D8A /* NetworkInterfaces.swift */; };
		2A0A847E293AFCE1005C2D8A /* NetworkInterfaces.swift in Sources */ = {isa = PBXBuildFile; fileRef = 2A0A847C293AFCE1005C2D8A /* NetworkInterfaces.swift */; };
		2A0A8481293AFDED005C2D8A /* NetworkSession.swift in Sources */ = {isa = PBXBuildFile; fileRef = 2A0A8480293AFDED005C2D8A /* NetworkSession.swift */; };
		2A0A8482293AFDED005C2D8A /* NetworkSession.swift in Sources */ = {isa = PBXBuildFile; fileRef = 2A0A8480293AFDED005C2D8A /* NetworkSession.swift */; };
		2A0A8485293B0456005C2D8A /* Constants.swift in Sources */ = {isa = PBXBuildFile; fileRef = 2A0A8484293B0456005C2D8A /* Constants.swift */; };
		2A0A8486293B0456005C2D8A /* Constants.swift in Sources */ = {isa = PBXBuildFile; fileRef = 2A0A8484293B0456005C2D8A /* Constants.swift */; };
		2A0A8489293B058E005C2D8A /* EmployeesData.swift in Sources */ = {isa = PBXBuildFile; fileRef = 2A0A8488293B058E005C2D8A /* EmployeesData.swift */; };
		2A0A848A293B058E005C2D8A /* EmployeesData.swift in Sources */ = {isa = PBXBuildFile; fileRef = 2A0A8488293B058E005C2D8A /* EmployeesData.swift */; };
		2A0A848D293B0AE9005C2D8A /* EmployeeProcessor.swift in Sources */ = {isa = PBXBuildFile; fileRef = 2A0A848C293B0AE9005C2D8A /* EmployeeProcessor.swift */; };
		2A0A848E293B0AE9005C2D8A /* EmployeeProcessor.swift in Sources */ = {isa = PBXBuildFile; fileRef = 2A0A848C293B0AE9005C2D8A /* EmployeeProcessor.swift */; };
		2A0A8493293C38C7005C2D8A /* SpinnerView.swift in Sources */ = {isa = PBXBuildFile; fileRef = 2A0A8492293C38C7005C2D8A /* SpinnerView.swift */; };
		2A0A8494293C38C7005C2D8A /* SpinnerView.swift in Sources */ = {isa = PBXBuildFile; fileRef = 2A0A8492293C38C7005C2D8A /* SpinnerView.swift */; };
		2A0A8497293C3932005C2D8A /* AppState.swift in Sources */ = {isa = PBXBuildFile; fileRef = 2A0A8496293C3932005C2D8A /* AppState.swift */; };
		2A0A8498293C3932005C2D8A /* AppState.swift in Sources */ = {isa = PBXBuildFile; fileRef = 2A0A8496293C3932005C2D8A /* AppState.swift */; };
		2A0A849B293C39BC005C2D8A /* AlertDetails.swift in Sources */ = {isa = PBXBuildFile; fileRef = 2A0A849A293C39BC005C2D8A /* AlertDetails.swift */; };
		2A0A849C293C39BC005C2D8A /* AlertDetails.swift in Sources */ = {isa = PBXBuildFile; fileRef = 2A0A849A293C39BC005C2D8A /* AlertDetails.swift */; };
		2A0A84A4293C40E6005C2D8A /* EmptyEmployeeCell.swift in Sources */ = {isa = PBXBuildFile; fileRef = 2A0A84A3293C40E6005C2D8A /* EmptyEmployeeCell.swift */; };
		2A0A84A5293C40E6005C2D8A /* EmptyEmployeeCell.swift in Sources */ = {isa = PBXBuildFile; fileRef = 2A0A84A3293C40E6005C2D8A /* EmptyEmployeeCell.swift */; };
		2A0A84A8293D9DC9005C2D8A /* EmployeeListCell.swift in Sources */ = {isa = PBXBuildFile; fileRef = 2A0A84A7293D9DC9005C2D8A /* EmployeeListCell.swift */; };
		2A0A84A9293D9DC9005C2D8A /* EmployeeListCell.swift in Sources */ = {isa = PBXBuildFile; fileRef = 2A0A84A7293D9DC9005C2D8A /* EmployeeListCell.swift */; };
		2A0A84AD293DA436005C2D8A /* CachedAsyncImage in Frameworks */ = {isa = PBXBuildFile; productRef = 2A0A84AC293DA436005C2D8A /* CachedAsyncImage */; };
		2A0A84AE293DA8A3005C2D8A /* EmployeeListView.swift in Sources */ = {isa = PBXBuildFile; fileRef = 2A0A844E293AFB68005C2D8A /* EmployeeListView.swift */; };
		2A0A84B2293DB1A4005C2D8A /* EmployeeProcessorTests.swift in Sources */ = {isa = PBXBuildFile; fileRef = 2A0A84B1293DB1A4005C2D8A /* EmployeeProcessorTests.swift */; };
		2A0A84B4293DB1C7005C2D8A /* MockNetworkSession.swift in Sources */ = {isa = PBXBuildFile; fileRef = 2A0A84B3293DB1C7005C2D8A /* MockNetworkSession.swift */; };
		2A0A84B5293DB1C7005C2D8A /* MockNetworkSession.swift in Sources */ = {isa = PBXBuildFile; fileRef = 2A0A84B3293DB1C7005C2D8A /* MockNetworkSession.swift */; };
		2AB7EF50293E7EC30010BD31 /* URLCache+ImageCache.swift in Sources */ = {isa = PBXBuildFile; fileRef = 2AB7EF4F293E7EC30010BD31 /* URLCache+ImageCache.swift */; };
		2AB7EF51293E7EC30010BD31 /* URLCache+ImageCache.swift in Sources */ = {isa = PBXBuildFile; fileRef = 2AB7EF4F293E7EC30010BD31 /* URLCache+ImageCache.swift */; };
		2AB7EF56293E82B50010BD31 /* SortMenu.swift in Sources */ = {isa = PBXBuildFile; fileRef = 2AB7EF55293E82B50010BD31 /* SortMenu.swift */; };
		2AB7EF57293E82B50010BD31 /* SortMenu.swift in Sources */ = {isa = PBXBuildFile; fileRef = 2AB7EF55293E82B50010BD31 /* SortMenu.swift */; };
		7EE05151EAAA1F7DE93E39B3 /* libPods-TeamBlock-TeamBlockTests.a in Frameworks */ = {isa = PBXBuildFile; fileRef = 2B61003F20E70D66C282CCE2 /* libPods-TeamBlock-TeamBlockTests.a */; };
		91CB64327A2B151063850EFC /* libPods-TeamBlock.a in Frameworks */ = {isa = PBXBuildFile; fileRef = A87D7AD2580E20B6490F295F /* libPods-TeamBlock.a */; };
/* End PBXBuildFile section */

/* Begin PBXContainerItemProxy section */
		2A0A845A293AFB6A005C2D8A /* PBXContainerItemProxy */ = {
			isa = PBXContainerItemProxy;
			containerPortal = 2A0A8441293AFB68005C2D8A /* Project object */;
			proxyType = 1;
			remoteGlobalIDString = 2A0A8448293AFB68005C2D8A;
			remoteInfo = TeamBlock;
		};
/* End PBXContainerItemProxy section */

/* Begin PBXFileReference section */
		0A3FA7A80C7CBBF9957C14F5 /* Pods-TeamBlock.debug.xcconfig */ = {isa = PBXFileReference; includeInIndex = 1; lastKnownFileType = text.xcconfig; name = "Pods-TeamBlock.debug.xcconfig"; path = "Target Support Files/Pods-TeamBlock/Pods-TeamBlock.debug.xcconfig"; sourceTree = "<group>"; };
		2A0A8449293AFB68005C2D8A /* TeamBlock.app */ = {isa = PBXFileReference; explicitFileType = wrapper.application; includeInIndex = 0; path = TeamBlock.app; sourceTree = BUILT_PRODUCTS_DIR; };
		2A0A844C293AFB68005C2D8A /* TeamBlockApp.swift */ = {isa = PBXFileReference; lastKnownFileType = sourcecode.swift; path = TeamBlockApp.swift; sourceTree = "<group>"; };
		2A0A844E293AFB68005C2D8A /* EmployeeListView.swift */ = {isa = PBXFileReference; lastKnownFileType = sourcecode.swift; path = EmployeeListView.swift; sourceTree = "<group>"; };
		2A0A8450293AFB6A005C2D8A /* Assets.xcassets */ = {isa = PBXFileReference; lastKnownFileType = folder.assetcatalog; path = Assets.xcassets; sourceTree = "<group>"; };
		2A0A8453293AFB6A005C2D8A /* Preview Assets.xcassets */ = {isa = PBXFileReference; lastKnownFileType = folder.assetcatalog; path = "Preview Assets.xcassets"; sourceTree = "<group>"; };
		2A0A8459293AFB6A005C2D8A /* TeamBlockTests.xctest */ = {isa = PBXFileReference; explicitFileType = wrapper.cfbundle; includeInIndex = 0; path = TeamBlockTests.xctest; sourceTree = BUILT_PRODUCTS_DIR; };
		2A0A8479293AFC63005C2D8A /* README.md */ = {isa = PBXFileReference; fileEncoding = 4; lastKnownFileType = net.daringfireball.markdown; path = README.md; sourceTree = "<group>"; };
		2A0A847C293AFCE1005C2D8A /* NetworkInterfaces.swift */ = {isa = PBXFileReference; lastKnownFileType = sourcecode.swift; path = NetworkInterfaces.swift; sourceTree = "<group>"; };
		2A0A8480293AFDED005C2D8A /* NetworkSession.swift */ = {isa = PBXFileReference; lastKnownFileType = sourcecode.swift; path = NetworkSession.swift; sourceTree = "<group>"; };
		2A0A8484293B0456005C2D8A /* Constants.swift */ = {isa = PBXFileReference; lastKnownFileType = sourcecode.swift; path = Constants.swift; sourceTree = "<group>"; };
		2A0A8488293B058E005C2D8A /* EmployeesData.swift */ = {isa = PBXFileReference; lastKnownFileType = sourcecode.swift; path = EmployeesData.swift; sourceTree = "<group>"; };
		2A0A848C293B0AE9005C2D8A /* EmployeeProcessor.swift */ = {isa = PBXFileReference; lastKnownFileType = sourcecode.swift; path = EmployeeProcessor.swift; sourceTree = "<group>"; };
		2A0A8492293C38C7005C2D8A /* SpinnerView.swift */ = {isa = PBXFileReference; lastKnownFileType = sourcecode.swift; path = SpinnerView.swift; sourceTree = "<group>"; };
		2A0A8496293C3932005C2D8A /* AppState.swift */ = {isa = PBXFileReference; lastKnownFileType = sourcecode.swift; path = AppState.swift; sourceTree = "<group>"; };
		2A0A849A293C39BC005C2D8A /* AlertDetails.swift */ = {isa = PBXFileReference; lastKnownFileType = sourcecode.swift; path = AlertDetails.swift; sourceTree = "<group>"; };
		2A0A84A3293C40E6005C2D8A /* EmptyEmployeeCell.swift */ = {isa = PBXFileReference; lastKnownFileType = sourcecode.swift; path = EmptyEmployeeCell.swift; sourceTree = "<group>"; };
		2A0A84A7293D9DC9005C2D8A /* EmployeeListCell.swift */ = {isa = PBXFileReference; lastKnownFileType = sourcecode.swift; path = EmployeeListCell.swift; sourceTree = "<group>"; };
		2A0A84B1293DB1A4005C2D8A /* EmployeeProcessorTests.swift */ = {isa = PBXFileReference; lastKnownFileType = sourcecode.swift; path = EmployeeProcessorTests.swift; sourceTree = "<group>"; };
		2A0A84B3293DB1C7005C2D8A /* MockNetworkSession.swift */ = {isa = PBXFileReference; lastKnownFileType = sourcecode.swift; path = MockNetworkSession.swift; sourceTree = "<group>"; };
		2AB7EF4F293E7EC30010BD31 /* URLCache+ImageCache.swift */ = {isa = PBXFileReference; lastKnownFileType = sourcecode.swift; path = "URLCache+ImageCache.swift"; sourceTree = "<group>"; };
		2AB7EF55293E82B50010BD31 /* SortMenu.swift */ = {isa = PBXFileReference; lastKnownFileType = sourcecode.swift; path = SortMenu.swift; sourceTree = "<group>"; };
		2B61003F20E70D66C282CCE2 /* libPods-TeamBlock-TeamBlockTests.a */ = {isa = PBXFileReference; explicitFileType = archive.ar; includeInIndex = 0; path = "libPods-TeamBlock-TeamBlockTests.a"; sourceTree = BUILT_PRODUCTS_DIR; };
		517D92EFF9CBF62CBDA9B9EF /* Pods-TeamBlock-TeamBlockTests.release.xcconfig */ = {isa = PBXFileReference; includeInIndex = 1; lastKnownFileType = text.xcconfig; name = "Pods-TeamBlock-TeamBlockTests.release.xcconfig"; path = "Target Support Files/Pods-TeamBlock-TeamBlockTests/Pods-TeamBlock-TeamBlockTests.release.xcconfig"; sourceTree = "<group>"; };
		728DA6A27B3D5F3C6EDB6AF1 /* Pods-TeamBlock-TeamBlockTests.debug.xcconfig */ = {isa = PBXFileReference; includeInIndex = 1; lastKnownFileType = text.xcconfig; name = "Pods-TeamBlock-TeamBlockTests.debug.xcconfig"; path = "Target Support Files/Pods-TeamBlock-TeamBlockTests/Pods-TeamBlock-TeamBlockTests.debug.xcconfig"; sourceTree = "<group>"; };
		87482E9D68EC806FBBBB2022 /* Pods-TeamBlock.release.xcconfig */ = {isa = PBXFileReference; includeInIndex = 1; lastKnownFileType = text.xcconfig; name = "Pods-TeamBlock.release.xcconfig"; path = "Target Support Files/Pods-TeamBlock/Pods-TeamBlock.release.xcconfig"; sourceTree = "<group>"; };
		A87D7AD2580E20B6490F295F /* libPods-TeamBlock.a */ = {isa = PBXFileReference; explicitFileType = archive.ar; includeInIndex = 0; path = "libPods-TeamBlock.a"; sourceTree = BUILT_PRODUCTS_DIR; };
/* End PBXFileReference section */

/* Begin PBXFrameworksBuildPhase section */
		2A0A8446293AFB68005C2D8A /* Frameworks */ = {
			isa = PBXFrameworksBuildPhase;
			buildActionMask = 2147483647;
			files = (
				2A0A84AD293DA436005C2D8A /* CachedAsyncImage in Frameworks */,
				91CB64327A2B151063850EFC /* libPods-TeamBlock.a in Frameworks */,
			);
			runOnlyForDeploymentPostprocessing = 0;
		};
		2A0A8456293AFB6A005C2D8A /* Frameworks */ = {
			isa = PBXFrameworksBuildPhase;
			buildActionMask = 2147483647;
			files = (
				7EE05151EAAA1F7DE93E39B3 /* libPods-TeamBlock-TeamBlockTests.a in Frameworks */,
			);
			runOnlyForDeploymentPostprocessing = 0;
		};
/* End PBXFrameworksBuildPhase section */

/* Begin PBXGroup section */
		196972F19CC9D91DDCC83ED6 /* Pods */ = {
			isa = PBXGroup;
			children = (
				0A3FA7A80C7CBBF9957C14F5 /* Pods-TeamBlock.debug.xcconfig */,
				87482E9D68EC806FBBBB2022 /* Pods-TeamBlock.release.xcconfig */,
				728DA6A27B3D5F3C6EDB6AF1 /* Pods-TeamBlock-TeamBlockTests.debug.xcconfig */,
				517D92EFF9CBF62CBDA9B9EF /* Pods-TeamBlock-TeamBlockTests.release.xcconfig */,
			);
			path = Pods;
			sourceTree = "<group>";
		};
		2A0A8440293AFB68005C2D8A = {
			isa = PBXGroup;
			children = (
				2A0A8479293AFC63005C2D8A /* README.md */,
				2A0A844B293AFB68005C2D8A /* TeamBlock */,
				2A0A845C293AFB6A005C2D8A /* TeamBlockTests */,
				2A0A844A293AFB68005C2D8A /* Products */,
				2A0A84B7293DB7BF005C2D8A /* Frameworks */,
				196972F19CC9D91DDCC83ED6 /* Pods */,
			);
			sourceTree = "<group>";
		};
		2A0A844A293AFB68005C2D8A /* Products */ = {
			isa = PBXGroup;
			children = (
				2A0A8449293AFB68005C2D8A /* TeamBlock.app */,
				2A0A8459293AFB6A005C2D8A /* TeamBlockTests.xctest */,
			);
			name = Products;
			sourceTree = "<group>";
		};
		2A0A844B293AFB68005C2D8A /* TeamBlock */ = {
			isa = PBXGroup;
			children = (
				2A0A844C293AFB68005C2D8A /* TeamBlockApp.swift */,
				2A0A8484293B0456005C2D8A /* Constants.swift */,
				2A0A8476293AFB85005C2D8A /* Model */,
				2A0A8477293AFB8E005C2D8A /* View */,
				2A0A8478293AFB97005C2D8A /* ViewModel */,
				2AB7EF4E293E7E940010BD31 /* Extension */,
				2A0A847B293AFCB6005C2D8A /* API */,
				2A0A8450293AFB6A005C2D8A /* Assets.xcassets */,
				2A0A8452293AFB6A005C2D8A /* Preview Content */,
			);
			path = TeamBlock;
			sourceTree = "<group>";
		};
		2A0A8452293AFB6A005C2D8A /* Preview Content */ = {
			isa = PBXGroup;
			children = (
				2A0A8453293AFB6A005C2D8A /* Preview Assets.xcassets */,
			);
			path = "Preview Content";
			sourceTree = "<group>";
		};
		2A0A845C293AFB6A005C2D8A /* TeamBlockTests */ = {
			isa = PBXGroup;
			children = (
				2A0A84B3293DB1C7005C2D8A /* MockNetworkSession.swift */,
				2A0A84B1293DB1A4005C2D8A /* EmployeeProcessorTests.swift */,
			);
			path = TeamBlockTests;
			sourceTree = "<group>";
		};
		2A0A8476293AFB85005C2D8A /* Model */ = {
			isa = PBXGroup;
			children = (
				2A0A8488293B058E005C2D8A /* EmployeesData.swift */,
				2A0A849A293C39BC005C2D8A /* AlertDetails.swift */,
			);
			path = Model;
			sourceTree = "<group>";
		};
		2A0A8477293AFB8E005C2D8A /* View */ = {
			isa = PBXGroup;
			children = (
				2A0A84B0293DAFAC005C2D8A /* EmployeeList */,
				2A0A8491293C38B1005C2D8A /* CustomView */,
			);
			path = View;
			sourceTree = "<group>";
		};
		2A0A8478293AFB97005C2D8A /* ViewModel */ = {
			isa = PBXGroup;
			children = (
				2A0A8496293C3932005C2D8A /* AppState.swift */,
				2A0A848C293B0AE9005C2D8A /* EmployeeProcessor.swift */,
			);
			path = ViewModel;
			sourceTree = "<group>";
		};
		2A0A847B293AFCB6005C2D8A /* API */ = {
			isa = PBXGroup;
			children = (
				2A0A847C293AFCE1005C2D8A /* NetworkInterfaces.swift */,
				2A0A8480293AFDED005C2D8A /* NetworkSession.swift */,
			);
			path = API;
			sourceTree = "<group>";
		};
		2A0A8491293C38B1005C2D8A /* CustomView */ = {
			isa = PBXGroup;
			children = (
				2A0A8492293C38C7005C2D8A /* SpinnerView.swift */,
			);
			path = CustomView;
			sourceTree = "<group>";
		};
		2A0A84B0293DAFAC005C2D8A /* EmployeeList */ = {
			isa = PBXGroup;
			children = (
				2A0A844E293AFB68005C2D8A /* EmployeeListView.swift */,
				2A0A84A7293D9DC9005C2D8A /* EmployeeListCell.swift */,
				2A0A84A3293C40E6005C2D8A /* EmptyEmployeeCell.swift */,
				2AB7EF55293E82B50010BD31 /* SortMenu.swift */,
			);
			path = EmployeeList;
			sourceTree = "<group>";
		};
		2A0A84B7293DB7BF005C2D8A /* Frameworks */ = {
			isa = PBXGroup;
			children = (
				A87D7AD2580E20B6490F295F /* libPods-TeamBlock.a */,
				2B61003F20E70D66C282CCE2 /* libPods-TeamBlock-TeamBlockTests.a */,
			);
			name = Frameworks;
			sourceTree = "<group>";
		};
		2AB7EF4E293E7E940010BD31 /* Extension */ = {
			isa = PBXGroup;
			children = (
				2AB7EF4F293E7EC30010BD31 /* URLCache+ImageCache.swift */,
			);
			path = Extension;
			sourceTree = "<group>";
		};
/* End PBXGroup section */

/* Begin PBXNativeTarget section */
		2A0A8448293AFB68005C2D8A /* TeamBlock */ = {
			isa = PBXNativeTarget;
			buildConfigurationList = 2A0A846D293AFB6A005C2D8A /* Build configuration list for PBXNativeTarget "TeamBlock" */;
			buildPhases = (
				6B9F1A19C0A08476FA7B8016 /* [CP] Check Pods Manifest.lock */,
				2A0A8445293AFB68005C2D8A /* Sources */,
				2A0A8446293AFB68005C2D8A /* Frameworks */,
				2A0A8447293AFB68005C2D8A /* Resources */,
				2AB7EF4D293E643B0010BD31 /* SwiftLint */,
			);
			buildRules = (
			);
			dependencies = (
			);
			name = TeamBlock;
			packageProductDependencies = (
				2A0A84AC293DA436005C2D8A /* CachedAsyncImage */,
			);
			productName = TeamBlock;
			productReference = 2A0A8449293AFB68005C2D8A /* TeamBlock.app */;
			productType = "com.apple.product-type.application";
		};
		2A0A8458293AFB6A005C2D8A /* TeamBlockTests */ = {
			isa = PBXNativeTarget;
			buildConfigurationList = 2A0A8470293AFB6A005C2D8A /* Build configuration list for PBXNativeTarget "TeamBlockTests" */;
			buildPhases = (
				60B4B5F093ED884F94907369 /* [CP] Check Pods Manifest.lock */,
				2A0A8455293AFB6A005C2D8A /* Sources */,
				2A0A8456293AFB6A005C2D8A /* Frameworks */,
				2A0A8457293AFB6A005C2D8A /* Resources */,
			);
			buildRules = (
			);
			dependencies = (
				2A0A845B293AFB6A005C2D8A /* PBXTargetDependency */,
			);
			name = TeamBlockTests;
			productName = TeamBlockTests;
			productReference = 2A0A8459293AFB6A005C2D8A /* TeamBlockTests.xctest */;
			productType = "com.apple.product-type.bundle.unit-test";
		};
/* End PBXNativeTarget section */

/* Begin PBXProject section */
		2A0A8441293AFB68005C2D8A /* Project object */ = {
			isa = PBXProject;
			attributes = {
				BuildIndependentTargetsInParallel = 1;
				LastSwiftUpdateCheck = 1410;
				LastUpgradeCheck = 1410;
				TargetAttributes = {
					2A0A8448293AFB68005C2D8A = {
						CreatedOnToolsVersion = 14.1;
					};
					2A0A8458293AFB6A005C2D8A = {
						CreatedOnToolsVersion = 14.1;
						TestTargetID = 2A0A8448293AFB68005C2D8A;
					};
				};
			};
			buildConfigurationList = 2A0A8444293AFB68005C2D8A /* Build configuration list for PBXProject "TeamBlock" */;
			compatibilityVersion = "Xcode 13.0";
			developmentRegion = en;
			hasScannedForEncodings = 0;
			knownRegions = (
				en,
				Base,
			);
			mainGroup = 2A0A8440293AFB68005C2D8A;
			packageReferences = (
				2A0A84AB293DA435005C2D8A /* XCRemoteSwiftPackageReference "swiftui-cached-async-image" */,
			);
			productRefGroup = 2A0A844A293AFB68005C2D8A /* Products */;
			projectDirPath = "";
			projectRoot = "";
			targets = (
				2A0A8448293AFB68005C2D8A /* TeamBlock */,
				2A0A8458293AFB6A005C2D8A /* TeamBlockTests */,
			);
		};
/* End PBXProject section */

/* Begin PBXResourcesBuildPhase section */
		2A0A8447293AFB68005C2D8A /* Resources */ = {
			isa = PBXResourcesBuildPhase;
			buildActionMask = 2147483647;
			files = (
				2A0A847A293AFC63005C2D8A /* README.md in Resources */,
				2A0A8454293AFB6A005C2D8A /* Preview Assets.xcassets in Resources */,
				2A0A8451293AFB6A005C2D8A /* Assets.xcassets in Resources */,
			);
			runOnlyForDeploymentPostprocessing = 0;
		};
		2A0A8457293AFB6A005C2D8A /* Resources */ = {
			isa = PBXResourcesBuildPhase;
			buildActionMask = 2147483647;
			files = (
			);
			runOnlyForDeploymentPostprocessing = 0;
		};
/* End PBXResourcesBuildPhase section */

/* Begin PBXShellScriptBuildPhase section */
		2AB7EF4D293E643B0010BD31 /* SwiftLint */ = {
			isa = PBXShellScriptBuildPhase;
			alwaysOutOfDate = 1;
			buildActionMask = 2147483647;
			files = (
			);
			inputFileListPaths = (
			);
			inputPaths = (
			);
			name = SwiftLint;
			outputFileListPaths = (
			);
			outputPaths = (
			);
			runOnlyForDeploymentPostprocessing = 0;
			shellPath = /bin/sh;
			shellScript = "\"${PODS_ROOT}/SwiftLint/swiftlint\"\n";
		};
		60B4B5F093ED884F94907369 /* [CP] Check Pods Manifest.lock */ = {
			isa = PBXShellScriptBuildPhase;
			buildActionMask = 2147483647;
			files = (
			);
			inputFileListPaths = (
			);
			inputPaths = (
				"${PODS_PODFILE_DIR_PATH}/Podfile.lock",
				"${PODS_ROOT}/Manifest.lock",
			);
			name = "[CP] Check Pods Manifest.lock";
			outputFileListPaths = (
			);
			outputPaths = (
				"$(DERIVED_FILE_DIR)/Pods-TeamBlock-TeamBlockTests-checkManifestLockResult.txt",
			);
			runOnlyForDeploymentPostprocessing = 0;
			shellPath = /bin/sh;
			shellScript = "diff \"${PODS_PODFILE_DIR_PATH}/Podfile.lock\" \"${PODS_ROOT}/Manifest.lock\" > /dev/null\nif [ $? != 0 ] ; then\n    # print error to STDERR\n    echo \"error: The sandbox is not in sync with the Podfile.lock. Run 'pod install' or update your CocoaPods installation.\" >&2\n    exit 1\nfi\n# This output is used by Xcode 'outputs' to avoid re-running this script phase.\necho \"SUCCESS\" > \"${SCRIPT_OUTPUT_FILE_0}\"\n";
			showEnvVarsInLog = 0;
		};
		6B9F1A19C0A08476FA7B8016 /* [CP] Check Pods Manifest.lock */ = {
			isa = PBXShellScriptBuildPhase;
			buildActionMask = 2147483647;
			files = (
			);
			inputFileListPaths = (
			);
			inputPaths = (
				"${PODS_PODFILE_DIR_PATH}/Podfile.lock",
				"${PODS_ROOT}/Manifest.lock",
			);
			name = "[CP] Check Pods Manifest.lock";
			outputFileListPaths = (
			);
			outputPaths = (
				"$(DERIVED_FILE_DIR)/Pods-TeamBlock-checkManifestLockResult.txt",
			);
			runOnlyForDeploymentPostprocessing = 0;
			shellPath = /bin/sh;
			shellScript = "diff \"${PODS_PODFILE_DIR_PATH}/Podfile.lock\" \"${PODS_ROOT}/Manifest.lock\" > /dev/null\nif [ $? != 0 ] ; then\n    # print error to STDERR\n    echo \"error: The sandbox is not in sync with the Podfile.lock. Run 'pod install' or update your CocoaPods installation.\" >&2\n    exit 1\nfi\n# This output is used by Xcode 'outputs' to avoid re-running this script phase.\necho \"SUCCESS\" > \"${SCRIPT_OUTPUT_FILE_0}\"\n";
			showEnvVarsInLog = 0;
		};
/* End PBXShellScriptBuildPhase section */

/* Begin PBXSourcesBuildPhase section */
		2A0A8445293AFB68005C2D8A /* Sources */ = {
			isa = PBXSourcesBuildPhase;
			buildActionMask = 2147483647;
			files = (
				2A0A8485293B0456005C2D8A /* Constants.swift in Sources */,
				2A0A84B4293DB1C7005C2D8A /* MockNetworkSession.swift in Sources */,
				2A0A84A8293D9DC9005C2D8A /* EmployeeListCell.swift in Sources */,
				2A0A8489293B058E005C2D8A /* EmployeesData.swift in Sources */,
				2A0A844F293AFB68005C2D8A /* EmployeeListView.swift in Sources */,
				2A0A849B293C39BC005C2D8A /* AlertDetails.swift in Sources */,
				2AB7EF56293E82B50010BD31 /* SortMenu.swift in Sources */,
				2A0A84A4293C40E6005C2D8A /* EmptyEmployeeCell.swift in Sources */,
				2A0A8497293C3932005C2D8A /* AppState.swift in Sources */,
				2A0A8481293AFDED005C2D8A /* NetworkSession.swift in Sources */,
				2A0A847D293AFCE1005C2D8A /* NetworkInterfaces.swift in Sources */,
				2A0A8493293C38C7005C2D8A /* SpinnerView.swift in Sources */,
				2AB7EF50293E7EC30010BD31 /* URLCache+ImageCache.swift in Sources */,
				2A0A848D293B0AE9005C2D8A /* EmployeeProcessor.swift in Sources */,
				2A0A844D293AFB68005C2D8A /* TeamBlockApp.swift in Sources */,
			);
			runOnlyForDeploymentPostprocessing = 0;
		};
		2A0A8455293AFB6A005C2D8A /* Sources */ = {
			isa = PBXSourcesBuildPhase;
			buildActionMask = 2147483647;
			files = (
				2A0A849C293C39BC005C2D8A /* AlertDetails.swift in Sources */,
				2A0A84B5293DB1C7005C2D8A /* MockNetworkSession.swift in Sources */,
				2A0A848E293B0AE9005C2D8A /* EmployeeProcessor.swift in Sources */,
				2A0A84B2293DB1A4005C2D8A /* EmployeeProcessorTests.swift in Sources */,
				2A0A8482293AFDED005C2D8A /* NetworkSession.swift in Sources */,
				2A0A847E293AFCE1005C2D8A /* NetworkInterfaces.swift in Sources */,
				2AB7EF57293E82B50010BD31 /* SortMenu.swift in Sources */,
				2A0A8498293C3932005C2D8A /* AppState.swift in Sources */,
				2A0A848A293B058E005C2D8A /* EmployeesData.swift in Sources */,
				2A0A84A5293C40E6005C2D8A /* EmptyEmployeeCell.swift in Sources */,
				2A0A8494293C38C7005C2D8A /* SpinnerView.swift in Sources */,
				2A0A84AE293DA8A3005C2D8A /* EmployeeListView.swift in Sources */,
				2AB7EF51293E7EC30010BD31 /* URLCache+ImageCache.swift in Sources */,
				2A0A8486293B0456005C2D8A /* Constants.swift in Sources */,
				2A0A84A9293D9DC9005C2D8A /* EmployeeListCell.swift in Sources */,
			);
			runOnlyForDeploymentPostprocessing = 0;
		};
/* End PBXSourcesBuildPhase section */

/* Begin PBXTargetDependency section */
		2A0A845B293AFB6A005C2D8A /* PBXTargetDependency */ = {
			isa = PBXTargetDependency;
			target = 2A0A8448293AFB68005C2D8A /* TeamBlock */;
			targetProxy = 2A0A845A293AFB6A005C2D8A /* PBXContainerItemProxy */;
		};
/* End PBXTargetDependency section */

/* Begin XCBuildConfiguration section */
		2A0A846B293AFB6A005C2D8A /* Debug */ = {
			isa = XCBuildConfiguration;
			buildSettings = {
				ALWAYS_SEARCH_USER_PATHS = NO;
				CLANG_ANALYZER_NONNULL = YES;
				CLANG_ANALYZER_NUMBER_OBJECT_CONVERSION = YES_AGGRESSIVE;
				CLANG_CXX_LANGUAGE_STANDARD = "gnu++20";
				CLANG_ENABLE_MODULES = YES;
				CLANG_ENABLE_OBJC_ARC = YES;
				CLANG_ENABLE_OBJC_WEAK = YES;
				CLANG_WARN_BLOCK_CAPTURE_AUTORELEASING = YES;
				CLANG_WARN_BOOL_CONVERSION = YES;
				CLANG_WARN_COMMA = YES;
				CLANG_WARN_CONSTANT_CONVERSION = YES;
				CLANG_WARN_DEPRECATED_OBJC_IMPLEMENTATIONS = YES;
				CLANG_WARN_DIRECT_OBJC_ISA_USAGE = YES_ERROR;
				CLANG_WARN_DOCUMENTATION_COMMENTS = YES;
				CLANG_WARN_EMPTY_BODY = YES;
				CLANG_WARN_ENUM_CONVERSION = YES;
				CLANG_WARN_INFINITE_RECURSION = YES;
				CLANG_WARN_INT_CONVERSION = YES;
				CLANG_WARN_NON_LITERAL_NULL_CONVERSION = YES;
				CLANG_WARN_OBJC_IMPLICIT_RETAIN_SELF = YES;
				CLANG_WARN_OBJC_LITERAL_CONVERSION = YES;
				CLANG_WARN_OBJC_ROOT_CLASS = YES_ERROR;
				CLANG_WARN_QUOTED_INCLUDE_IN_FRAMEWORK_HEADER = YES;
				CLANG_WARN_RANGE_LOOP_ANALYSIS = YES;
				CLANG_WARN_STRICT_PROTOTYPES = YES;
				CLANG_WARN_SUSPICIOUS_MOVE = YES;
				CLANG_WARN_UNGUARDED_AVAILABILITY = YES_AGGRESSIVE;
				CLANG_WARN_UNREACHABLE_CODE = YES;
				CLANG_WARN__DUPLICATE_METHOD_MATCH = YES;
				COPY_PHASE_STRIP = NO;
				DEBUG_INFORMATION_FORMAT = dwarf;
				ENABLE_STRICT_OBJC_MSGSEND = YES;
				ENABLE_TESTABILITY = YES;
				GCC_C_LANGUAGE_STANDARD = gnu11;
				GCC_DYNAMIC_NO_PIC = NO;
				GCC_NO_COMMON_BLOCKS = YES;
				GCC_OPTIMIZATION_LEVEL = 0;
				GCC_PREPROCESSOR_DEFINITIONS = (
					"DEBUG=1",
					"$(inherited)",
				);
				GCC_WARN_64_TO_32_BIT_CONVERSION = YES;
				GCC_WARN_ABOUT_RETURN_TYPE = YES_ERROR;
				GCC_WARN_UNDECLARED_SELECTOR = YES;
				GCC_WARN_UNINITIALIZED_AUTOS = YES_AGGRESSIVE;
				GCC_WARN_UNUSED_FUNCTION = YES;
				GCC_WARN_UNUSED_VARIABLE = YES;
				IPHONEOS_DEPLOYMENT_TARGET = 15.0;
				MTL_ENABLE_DEBUG_INFO = INCLUDE_SOURCE;
				MTL_FAST_MATH = YES;
				ONLY_ACTIVE_ARCH = YES;
				SDKROOT = iphoneos;
				SWIFT_ACTIVE_COMPILATION_CONDITIONS = DEBUG;
				SWIFT_OPTIMIZATION_LEVEL = "-Onone";
			};
			name = Debug;
		};
		2A0A846C293AFB6A005C2D8A /* Release */ = {
			isa = XCBuildConfiguration;
			buildSettings = {
				ALWAYS_SEARCH_USER_PATHS = NO;
				CLANG_ANALYZER_NONNULL = YES;
				CLANG_ANALYZER_NUMBER_OBJECT_CONVERSION = YES_AGGRESSIVE;
				CLANG_CXX_LANGUAGE_STANDARD = "gnu++20";
				CLANG_ENABLE_MODULES = YES;
				CLANG_ENABLE_OBJC_ARC = YES;
				CLANG_ENABLE_OBJC_WEAK = YES;
				CLANG_WARN_BLOCK_CAPTURE_AUTORELEASING = YES;
				CLANG_WARN_BOOL_CONVERSION = YES;
				CLANG_WARN_COMMA = YES;
				CLANG_WARN_CONSTANT_CONVERSION = YES;
				CLANG_WARN_DEPRECATED_OBJC_IMPLEMENTATIONS = YES;
				CLANG_WARN_DIRECT_OBJC_ISA_USAGE = YES_ERROR;
				CLANG_WARN_DOCUMENTATION_COMMENTS = YES;
				CLANG_WARN_EMPTY_BODY = YES;
				CLANG_WARN_ENUM_CONVERSION = YES;
				CLANG_WARN_INFINITE_RECURSION = YES;
				CLANG_WARN_INT_CONVERSION = YES;
				CLANG_WARN_NON_LITERAL_NULL_CONVERSION = YES;
				CLANG_WARN_OBJC_IMPLICIT_RETAIN_SELF = YES;
				CLANG_WARN_OBJC_LITERAL_CONVERSION = YES;
				CLANG_WARN_OBJC_ROOT_CLASS = YES_ERROR;
				CLANG_WARN_QUOTED_INCLUDE_IN_FRAMEWORK_HEADER = YES;
				CLANG_WARN_RANGE_LOOP_ANALYSIS = YES;
				CLANG_WARN_STRICT_PROTOTYPES = YES;
				CLANG_WARN_SUSPICIOUS_MOVE = YES;
				CLANG_WARN_UNGUARDED_AVAILABILITY = YES_AGGRESSIVE;
				CLANG_WARN_UNREACHABLE_CODE = YES;
				CLANG_WARN__DUPLICATE_METHOD_MATCH = YES;
				COPY_PHASE_STRIP = NO;
				DEBUG_INFORMATION_FORMAT = "dwarf-with-dsym";
				ENABLE_NS_ASSERTIONS = NO;
				ENABLE_STRICT_OBJC_MSGSEND = YES;
				GCC_C_LANGUAGE_STANDARD = gnu11;
				GCC_NO_COMMON_BLOCKS = YES;
				GCC_WARN_64_TO_32_BIT_CONVERSION = YES;
				GCC_WARN_ABOUT_RETURN_TYPE = YES_ERROR;
				GCC_WARN_UNDECLARED_SELECTOR = YES;
				GCC_WARN_UNINITIALIZED_AUTOS = YES_AGGRESSIVE;
				GCC_WARN_UNUSED_FUNCTION = YES;
				GCC_WARN_UNUSED_VARIABLE = YES;
				IPHONEOS_DEPLOYMENT_TARGET = 15.0;
				MTL_ENABLE_DEBUG_INFO = NO;
				MTL_FAST_MATH = YES;
				SDKROOT = iphoneos;
				SWIFT_COMPILATION_MODE = wholemodule;
				SWIFT_OPTIMIZATION_LEVEL = "-O";
				VALIDATE_PRODUCT = YES;
			};
			name = Release;
		};
		2A0A846E293AFB6A005C2D8A /* Debug */ = {
			isa = XCBuildConfiguration;
			baseConfigurationReference = 0A3FA7A80C7CBBF9957C14F5 /* Pods-TeamBlock.debug.xcconfig */;
			buildSettings = {
				ASSETCATALOG_COMPILER_APPICON_NAME = AppIcon;
				ASSETCATALOG_COMPILER_GLOBAL_ACCENT_COLOR_NAME = AccentColor;
				CODE_SIGN_STYLE = Automatic;
				CURRENT_PROJECT_VERSION = 1;
				DEVELOPMENT_ASSET_PATHS = "\"TeamBlock/Preview Content\"";
				DEVELOPMENT_TEAM = R97P94E2EN;
				ENABLE_PREVIEWS = YES;
				GENERATE_INFOPLIST_FILE = YES;
				INFOPLIST_KEY_UIApplicationSceneManifest_Generation = YES;
				INFOPLIST_KEY_UIApplicationSupportsIndirectInputEvents = YES;
				INFOPLIST_KEY_UILaunchScreen_Generation = YES;
				INFOPLIST_KEY_UISupportedInterfaceOrientations_iPad = "UIInterfaceOrientationPortrait UIInterfaceOrientationPortraitUpsideDown UIInterfaceOrientationLandscapeLeft UIInterfaceOrientationLandscapeRight";
				INFOPLIST_KEY_UISupportedInterfaceOrientations_iPhone = "UIInterfaceOrientationPortrait UIInterfaceOrientationLandscapeLeft UIInterfaceOrientationLandscapeRight";
				IPHONEOS_DEPLOYMENT_TARGET = 15.0;
				LD_RUNPATH_SEARCH_PATHS = (
					"$(inherited)",
					"@executable_path/Frameworks",
				);
				MARKETING_VERSION = 1.0;
				PRODUCT_BUNDLE_IDENTIFIER = com.james.TeamBlock;
				PRODUCT_NAME = "$(TARGET_NAME)";
				SUPPORTED_PLATFORMS = "iphoneos iphonesimulator";
				SUPPORTS_MACCATALYST = NO;
				SUPPORTS_MAC_DESIGNED_FOR_IPHONE_IPAD = NO;
				SWIFT_EMIT_LOC_STRINGS = YES;
				SWIFT_VERSION = 5.0;
				TARGETED_DEVICE_FAMILY = 1;
			};
			name = Debug;
		};
		2A0A846F293AFB6A005C2D8A /* Release */ = {
			isa = XCBuildConfiguration;
			baseConfigurationReference = 87482E9D68EC806FBBBB2022 /* Pods-TeamBlock.release.xcconfig */;
			buildSettings = {
				ASSETCATALOG_COMPILER_APPICON_NAME = AppIcon;
				ASSETCATALOG_COMPILER_GLOBAL_ACCENT_COLOR_NAME = AccentColor;
				CODE_SIGN_STYLE = Automatic;
				CURRENT_PROJECT_VERSION = 1;
				DEVELOPMENT_ASSET_PATHS = "\"TeamBlock/Preview Content\"";
				DEVELOPMENT_TEAM = R97P94E2EN;
				ENABLE_PREVIEWS = YES;
				GENERATE_INFOPLIST_FILE = YES;
				INFOPLIST_KEY_UIApplicationSceneManifest_Generation = YES;
				INFOPLIST_KEY_UIApplicationSupportsIndirectInputEvents = YES;
				INFOPLIST_KEY_UILaunchScreen_Generation = YES;
				INFOPLIST_KEY_UISupportedInterfaceOrientations_iPad = "UIInterfaceOrientationPortrait UIInterfaceOrientationPortraitUpsideDown UIInterfaceOrientationLandscapeLeft UIInterfaceOrientationLandscapeRight";
				INFOPLIST_KEY_UISupportedInterfaceOrientations_iPhone = "UIInterfaceOrientationPortrait UIInterfaceOrientationLandscapeLeft UIInterfaceOrientationLandscapeRight";
				IPHONEOS_DEPLOYMENT_TARGET = 15.0;
				LD_RUNPATH_SEARCH_PATHS = (
					"$(inherited)",
					"@executable_path/Frameworks",
				);
				MARKETING_VERSION = 1.0;
				PRODUCT_BUNDLE_IDENTIFIER = com.james.TeamBlock;
				PRODUCT_NAME = "$(TARGET_NAME)";
				SUPPORTED_PLATFORMS = "iphoneos iphonesimulator";
				SUPPORTS_MACCATALYST = NO;
				SUPPORTS_MAC_DESIGNED_FOR_IPHONE_IPAD = NO;
				SWIFT_EMIT_LOC_STRINGS = YES;
				SWIFT_VERSION = 5.0;
				TARGETED_DEVICE_FAMILY = 1;
			};
			name = Release;
		};
		2A0A8471293AFB6A005C2D8A /* Debug */ = {
			isa = XCBuildConfiguration;
			baseConfigurationReference = 728DA6A27B3D5F3C6EDB6AF1 /* Pods-TeamBlock-TeamBlockTests.debug.xcconfig */;
			buildSettings = {
				ALWAYS_EMBED_SWIFT_STANDARD_LIBRARIES = YES;
				BUNDLE_LOADER = "$(TEST_HOST)";
				CODE_SIGN_STYLE = Automatic;
				CURRENT_PROJECT_VERSION = 1;
				GENERATE_INFOPLIST_FILE = YES;
				IPHONEOS_DEPLOYMENT_TARGET = 15.0;
				MARKETING_VERSION = 1.0;
				PRODUCT_BUNDLE_IDENTIFIER = com.james.TeamBlockTests;
				PRODUCT_NAME = "$(TARGET_NAME)";
				SWIFT_EMIT_LOC_STRINGS = NO;
				SWIFT_VERSION = 5.0;
				TARGETED_DEVICE_FAMILY = "1,2";
				TEST_HOST = "$(BUILT_PRODUCTS_DIR)/TeamBlock.app/$(BUNDLE_EXECUTABLE_FOLDER_PATH)/TeamBlock";
			};
			name = Debug;
		};
		2A0A8472293AFB6A005C2D8A /* Release */ = {
			isa = XCBuildConfiguration;
			baseConfigurationReference = 517D92EFF9CBF62CBDA9B9EF /* Pods-TeamBlock-TeamBlockTests.release.xcconfig */;
			buildSettings = {
				ALWAYS_EMBED_SWIFT_STANDARD_LIBRARIES = YES;
				BUNDLE_LOADER = "$(TEST_HOST)";
				CODE_SIGN_STYLE = Automatic;
				CURRENT_PROJECT_VERSION = 1;
				GENERATE_INFOPLIST_FILE = YES;
				IPHONEOS_DEPLOYMENT_TARGET = 15.0;
				MARKETING_VERSION = 1.0;
				PRODUCT_BUNDLE_IDENTIFIER = com.james.TeamBlockTests;
				PRODUCT_NAME = "$(TARGET_NAME)";
				SWIFT_EMIT_LOC_STRINGS = NO;
				SWIFT_VERSION = 5.0;
				TARGETED_DEVICE_FAMILY = "1,2";
				TEST_HOST = "$(BUILT_PRODUCTS_DIR)/TeamBlock.app/$(BUNDLE_EXECUTABLE_FOLDER_PATH)/TeamBlock";
			};
			name = Release;
		};
/* End XCBuildConfiguration section */

/* Begin XCConfigurationList section */
		2A0A8444293AFB68005C2D8A /* Build configuration list for PBXProject "TeamBlock" */ = {
			isa = XCConfigurationList;
			buildConfigurations = (
				2A0A846B293AFB6A005C2D8A /* Debug */,
				2A0A846C293AFB6A005C2D8A /* Release */,
			);
			defaultConfigurationIsVisible = 0;
			defaultConfigurationName = Release;
		};
		2A0A846D293AFB6A005C2D8A /* Build configuration list for PBXNativeTarget "TeamBlock" */ = {
			isa = XCConfigurationList;
			buildConfigurations = (
				2A0A846E293AFB6A005C2D8A /* Debug */,
				2A0A846F293AFB6A005C2D8A /* Release */,
			);
			defaultConfigurationIsVisible = 0;
			defaultConfigurationName = Release;
		};
		2A0A8470293AFB6A005C2D8A /* Build configuration list for PBXNativeTarget "TeamBlockTests" */ = {
			isa = XCConfigurationList;
			buildConfigurations = (
				2A0A8471293AFB6A005C2D8A /* Debug */,
				2A0A8472293AFB6A005C2D8A /* Release */,
			);
			defaultConfigurationIsVisible = 0;
			defaultConfigurationName = Release;
		};
/* End XCConfigurationList section */

/* Begin XCRemoteSwiftPackageReference section */
		2A0A84AB293DA435005C2D8A /* XCRemoteSwiftPackageReference "swiftui-cached-async-image" */ = {
			isa = XCRemoteSwiftPackageReference;
			repositoryURL = "https://github.com/lorenzofiamingo/swiftui-cached-async-image.git";
			requirement = {
				kind = upToNextMinorVersion;
				minimumVersion = 2.1.0;
			};
		};
/* End XCRemoteSwiftPackageReference section */

/* Begin XCSwiftPackageProductDependency section */
		2A0A84AC293DA436005C2D8A /* CachedAsyncImage */ = {
			isa = XCSwiftPackageProductDependency;
			package = 2A0A84AB293DA435005C2D8A /* XCRemoteSwiftPackageReference "swiftui-cached-async-image" */;
			productName = CachedAsyncImage;
		};
/* End XCSwiftPackageProductDependency section */
	};
	rootObject = 2A0A8441293AFB68005C2D8A /* Project object */;
}
